
Microsoft Visual Studio Solution File, Format Version 12.00
# Visual Studio Version 17
VisualStudioVersion = 17.0.32112.339
MinimumVisualStudioVersion = 10.0.40219.1
Project("{FAE04EC0-301F-11D3-BF4B-00C04F79EFBC}") = "Exercicio2_Lista2.ConsoleApp", "Exercicio2_Lista2.ConsoleApp\Exercicio2_Lista2.ConsoleApp.csproj", "{10530729-801E-4DDA-94A9-26EE8B2B636C}"
EndProject
Global
	GlobalSection(SolutionConfigurationPlatforms) = preSolution
		Debug|Any CPU = Debug|Any CPU
		Release|Any CPU = Release|Any CPU
	EndGlobalSection
	GlobalSection(ProjectConfigurationPlatforms) = postSolution
		{10530729-801E-4DDA-94A9-26EE8B2B636C}.Debug|Any CPU.ActiveCfg = Debug|Any CPU
		{10530729-801E-4DDA-94A9-26EE8B2B636C}.Debug|Any CPU.Build.0 = Debug|Any CPU
		{10530729-801E-4DDA-94A9-26EE8B2B636C}.Release|Any CPU.ActiveCfg = Release|Any CPU
		{10530729-801E-4DDA-94A9-26EE8B2B636C}.Release|Any CPU.Build.0 = Release|Any CPU
	EndGlobalSection
	GlobalSection(SolutionProperties) = preSolution
		HideSolutionNode = FALSE
	EndGlobalSection
	GlobalSection(ExtensibilityGlobals) = postSolution
		SolutionGuid = {61A21216-1A25-4ED5-9F9D-939E6B357F73}
	EndGlobalSection
EndGlobal
