
Microsoft Visual Studio Solution File, Format Version 12.00
# Visual Studio Version 17
VisualStudioVersion = 17.0.32112.339
MinimumVisualStudioVersion = 10.0.40219.1
Project("{FAE04EC0-301F-11D3-BF4B-00C04F79EFBC}") = "Exercicio1_Lista2.ConsoleApp", "Exercicio1_Lista2.ConsoleApp\Exercicio1_Lista2.ConsoleApp.csproj", "{883C16E9-51AF-43AC-9121-490CCB5844E7}"
EndProject
Global
	GlobalSection(SolutionConfigurationPlatforms) = preSolution
		Debug|Any CPU = Debug|Any CPU
		Release|Any CPU = Release|Any CPU
	EndGlobalSection
	GlobalSection(ProjectConfigurationPlatforms) = postSolution
		{883C16E9-51AF-43AC-9121-490CCB5844E7}.Debug|Any CPU.ActiveCfg = Debug|Any CPU
		{883C16E9-51AF-43AC-9121-490CCB5844E7}.Debug|Any CPU.Build.0 = Debug|Any CPU
		{883C16E9-51AF-43AC-9121-490CCB5844E7}.Release|Any CPU.ActiveCfg = Release|Any CPU
		{883C16E9-51AF-43AC-9121-490CCB5844E7}.Release|Any CPU.Build.0 = Release|Any CPU
	EndGlobalSection
	GlobalSection(SolutionProperties) = preSolution
		HideSolutionNode = FALSE
	EndGlobalSection
	GlobalSection(ExtensibilityGlobals) = postSolution
		SolutionGuid = {160E2FC3-1B6D-4961-B0D0-B46B889FD0C8}
	EndGlobalSection
EndGlobal
