
Microsoft Visual Studio Solution File, Format Version 12.00
# Visual Studio Version 17
VisualStudioVersion = 17.0.32112.339
MinimumVisualStudioVersion = 10.0.40219.1
Project("{FAE04EC0-301F-11D3-BF4B-00C04F79EFBC}") = "Exercicio4_lista2.ConsoleApp", "Exercicio4_lista2.ConsoleApp\Exercicio4_lista2.ConsoleApp.csproj", "{457A9478-EA6E-4D61-A4D1-23DBA3F093E7}"
EndProject
Global
	GlobalSection(SolutionConfigurationPlatforms) = preSolution
		Debug|Any CPU = Debug|Any CPU
		Release|Any CPU = Release|Any CPU
	EndGlobalSection
	GlobalSection(ProjectConfigurationPlatforms) = postSolution
		{457A9478-EA6E-4D61-A4D1-23DBA3F093E7}.Debug|Any CPU.ActiveCfg = Debug|Any CPU
		{457A9478-EA6E-4D61-A4D1-23DBA3F093E7}.Debug|Any CPU.Build.0 = Debug|Any CPU
		{457A9478-EA6E-4D61-A4D1-23DBA3F093E7}.Release|Any CPU.ActiveCfg = Release|Any CPU
		{457A9478-EA6E-4D61-A4D1-23DBA3F093E7}.Release|Any CPU.Build.0 = Release|Any CPU
	EndGlobalSection
	GlobalSection(SolutionProperties) = preSolution
		HideSolutionNode = FALSE
	EndGlobalSection
	GlobalSection(ExtensibilityGlobals) = postSolution
		SolutionGuid = {94291287-B6A3-4D65-AC57-D261D01DC067}
	EndGlobalSection
EndGlobal
